
Microsoft Visual Studio Solution File, Format Version 12.00
# Visual Studio 15
VisualStudioVersion = 15.0.26403.7
MinimumVisualStudioVersion = 10.0.40219.1
Project("{9A19103F-16F7-4668-BE54-9A1E7A4F7556}") = "redmine-netcore10-api", "src\redmine-netcore10-api\redmine-netcore10-api.csproj", "{0AECCFAB-5307-4963-BD6E-790A78CED42E}"
EndProject
Project("{9A19103F-16F7-4668-BE54-9A1E7A4F7556}") = "redmine-netcore10-api.tests", "test\redmine-netcore10-api.tests\redmine-netcore10-api.tests.csproj", "{F6D32337-1752-4438-ADA0-6500C6273528}"
EndProject
Global
	GlobalSection(SolutionConfigurationPlatforms) = preSolution
		Debug|Any CPU = Debug|Any CPU
		Release|Any CPU = Release|Any CPU
	EndGlobalSection
	GlobalSection(ProjectConfigurationPlatforms) = postSolution
		{0AECCFAB-5307-4963-BD6E-790A78CED42E}.Debug|Any CPU.ActiveCfg = Debug|Any CPU
		{0AECCFAB-5307-4963-BD6E-790A78CED42E}.Debug|Any CPU.Build.0 = Debug|Any CPU
		{0AECCFAB-5307-4963-BD6E-790A78CED42E}.Release|Any CPU.ActiveCfg = Release|Any CPU
		{0AECCFAB-5307-4963-BD6E-790A78CED42E}.Release|Any CPU.Build.0 = Release|Any CPU
		{F6D32337-1752-4438-ADA0-6500C6273528}.Debug|Any CPU.ActiveCfg = Debug|Any CPU
		{F6D32337-1752-4438-ADA0-6500C6273528}.Debug|Any CPU.Build.0 = Debug|Any CPU
		{F6D32337-1752-4438-ADA0-6500C6273528}.Release|Any CPU.ActiveCfg = Release|Any CPU
		{F6D32337-1752-4438-ADA0-6500C6273528}.Release|Any CPU.Build.0 = Release|Any CPU
	EndGlobalSection
	GlobalSection(SolutionProperties) = preSolution
		HideSolutionNode = FALSE
	EndGlobalSection
EndGlobal
